
Microsoft Visual Studio Solution File, Format Version 12.00
# Visual Studio Version 17
VisualStudioVersion = 17.13.35818.85 d17.13
MinimumVisualStudioVersion = 10.0.40219.1
Project("{FAE04EC0-301F-11D3-BF4B-00C04F79EFBC}") = "OnboardingTask", "OnboardingTask\OnboardingTask.csproj", "{BB36467D-D786-418F-8E48-81388B6FF9C2}"
EndProject
Global
	GlobalSection(SolutionConfigurationPlatforms) = preSolution
		Debug|Any CPU = Debug|Any CPU
		Release|Any CPU = Release|Any CPU
	EndGlobalSection
	GlobalSection(ProjectConfigurationPlatforms) = postSolution
		{BB36467D-D786-418F-8E48-81388B6FF9C2}.Debug|Any CPU.ActiveCfg = Debug|Any CPU
		{BB36467D-D786-418F-8E48-81388B6FF9C2}.Debug|Any CPU.Build.0 = Debug|Any CPU
		{BB36467D-D786-418F-8E48-81388B6FF9C2}.Release|Any CPU.ActiveCfg = Release|Any CPU
		{BB36467D-D786-418F-8E48-81388B6FF9C2}.Release|Any CPU.Build.0 = Release|Any CPU
	EndGlobalSection
	GlobalSection(SolutionProperties) = preSolution
		HideSolutionNode = FALSE
	EndGlobalSection
	GlobalSection(ExtensibilityGlobals) = postSolution
		SolutionGuid = {B6FB63AC-CDB7-41BC-A9B9-2B2483C259F0}
	EndGlobalSection
EndGlobal
